
Microsoft Visual Studio Solution File, Format Version 12.00
# Visual Studio Version 17
VisualStudioVersion = 17.10.34928.147
MinimumVisualStudioVersion = 10.0.40219.1
Project("{FAE04EC0-301F-11D3-BF4B-00C04F79EFBC}") = "Practic11.09.2024", "Practic11.09.2024\Practic11.09.2024.csproj", "{93D02CB2-FD79-4C00-A2F2-B2A28F017739}"
EndProject
Global
	GlobalSection(SolutionConfigurationPlatforms) = preSolution
		Debug|Any CPU = Debug|Any CPU
		Release|Any CPU = Release|Any CPU
	EndGlobalSection
	GlobalSection(ProjectConfigurationPlatforms) = postSolution
		{93D02CB2-FD79-4C00-A2F2-B2A28F017739}.Debug|Any CPU.ActiveCfg = Debug|Any CPU
		{93D02CB2-FD79-4C00-A2F2-B2A28F017739}.Debug|Any CPU.Build.0 = Debug|Any CPU
		{93D02CB2-FD79-4C00-A2F2-B2A28F017739}.Release|Any CPU.ActiveCfg = Release|Any CPU
		{93D02CB2-FD79-4C00-A2F2-B2A28F017739}.Release|Any CPU.Build.0 = Release|Any CPU
	EndGlobalSection
	GlobalSection(SolutionProperties) = preSolution
		HideSolutionNode = FALSE
	EndGlobalSection
	GlobalSection(ExtensibilityGlobals) = postSolution
		SolutionGuid = {657F9908-F7E7-44BB-81BA-2EE48292AA7C}
	EndGlobalSection
EndGlobal
